
Microsoft Visual Studio Solution File, Format Version 12.00
Project("{FAE04EC0-301F-11D3-BF4B-00C04F79EFBC}") = "ArabaKirala.API", "ArabaKirala.API\ArabaKirala.API.csproj", "{7CE5B863-223E-4099-A634-3F1055656A57}"
EndProject
Project("{FAE04EC0-301F-11D3-BF4B-00C04F79EFBC}") = "ArabaKirala.UI", "ArabaKirala.UI\ArabaKirala.UI.csproj", "{B5740DBA-C6D9-47FA-B53A-41FC320183D5}"
EndProject
Global
	GlobalSection(SolutionConfigurationPlatforms) = preSolution
		Debug|Any CPU = Debug|Any CPU
		Release|Any CPU = Release|Any CPU
	EndGlobalSection
	GlobalSection(ProjectConfigurationPlatforms) = postSolution
		{7CE5B863-223E-4099-A634-3F1055656A57}.Debug|Any CPU.ActiveCfg = Debug|Any CPU
		{7CE5B863-223E-4099-A634-3F1055656A57}.Debug|Any CPU.Build.0 = Debug|Any CPU
		{7CE5B863-223E-4099-A634-3F1055656A57}.Release|Any CPU.ActiveCfg = Release|Any CPU
		{7CE5B863-223E-4099-A634-3F1055656A57}.Release|Any CPU.Build.0 = Release|Any CPU
		{B5740DBA-C6D9-47FA-B53A-41FC320183D5}.Debug|Any CPU.ActiveCfg = Debug|Any CPU
		{B5740DBA-C6D9-47FA-B53A-41FC320183D5}.Debug|Any CPU.Build.0 = Debug|Any CPU
		{B5740DBA-C6D9-47FA-B53A-41FC320183D5}.Release|Any CPU.ActiveCfg = Release|Any CPU
		{B5740DBA-C6D9-47FA-B53A-41FC320183D5}.Release|Any CPU.Build.0 = Release|Any CPU
	EndGlobalSection
EndGlobal
